
Microsoft Visual Studio Solution File, Format Version 12.00
# Visual Studio Version 17
VisualStudioVersion = 17.14.36414.22
MinimumVisualStudioVersion = 10.0.40219.1
Project("{FAE04EC0-301F-11D3-BF4B-00C04F79EFBC}") = "AM.UI.Console", "AM.UI.Console\AM.UI.Console.csproj", "{C7B33C12-DB86-4568-BE35-5E9A73D80F14}"
EndProject
Project("{FAE04EC0-301F-11D3-BF4B-00C04F79EFBC}") = "AM.ApplicationCore", "AM.ApplicationCore\AM.ApplicationCore.csproj", "{A42C49E0-5CC8-488D-8DB1-1D782C63BD76}"
EndProject
Project("{FAE04EC0-301F-11D3-BF4B-00C04F79EFBC}") = "AM.Infrastructure", "AM.Infrastructure\AM.Infrastructure.csproj", "{87E98B80-C4C0-408E-9576-7316B28B0B6B}"
EndProject
Global
	GlobalSection(SolutionConfigurationPlatforms) = preSolution
		Debug|Any CPU = Debug|Any CPU
		Release|Any CPU = Release|Any CPU
	EndGlobalSection
	GlobalSection(ProjectConfigurationPlatforms) = postSolution
		{C7B33C12-DB86-4568-BE35-5E9A73D80F14}.Debug|Any CPU.ActiveCfg = Debug|Any CPU
		{C7B33C12-DB86-4568-BE35-5E9A73D80F14}.Debug|Any CPU.Build.0 = Debug|Any CPU
		{C7B33C12-DB86-4568-BE35-5E9A73D80F14}.Release|Any CPU.ActiveCfg = Release|Any CPU
		{C7B33C12-DB86-4568-BE35-5E9A73D80F14}.Release|Any CPU.Build.0 = Release|Any CPU
		{A42C49E0-5CC8-488D-8DB1-1D782C63BD76}.Debug|Any CPU.ActiveCfg = Debug|Any CPU
		{A42C49E0-5CC8-488D-8DB1-1D782C63BD76}.Debug|Any CPU.Build.0 = Debug|Any CPU
		{A42C49E0-5CC8-488D-8DB1-1D782C63BD76}.Release|Any CPU.ActiveCfg = Release|Any CPU
		{A42C49E0-5CC8-488D-8DB1-1D782C63BD76}.Release|Any CPU.Build.0 = Release|Any CPU
		{87E98B80-C4C0-408E-9576-7316B28B0B6B}.Debug|Any CPU.ActiveCfg = Debug|Any CPU
		{87E98B80-C4C0-408E-9576-7316B28B0B6B}.Debug|Any CPU.Build.0 = Debug|Any CPU
		{87E98B80-C4C0-408E-9576-7316B28B0B6B}.Release|Any CPU.ActiveCfg = Release|Any CPU
		{87E98B80-C4C0-408E-9576-7316B28B0B6B}.Release|Any CPU.Build.0 = Release|Any CPU
	EndGlobalSection
	GlobalSection(SolutionProperties) = preSolution
		HideSolutionNode = FALSE
	EndGlobalSection
	GlobalSection(ExtensibilityGlobals) = postSolution
		SolutionGuid = {2B9920D0-BA00-4EA9-A6CB-93F38FAD70C4}
	EndGlobalSection
EndGlobal
